// !$*UTF8*$!
{
	archiveVersion = 1;
	classes = {
	};
	objectVersion = 46;
	objects = {

/* Begin PBXBuildFile section */
		148051131EDED437006BFC4D /* AppDelegate.swift in Sources */ = {isa = PBXBuildFile; fileRef = 148051121EDED437006BFC4D /* AppDelegate.swift */; };
		148051151EDED437006BFC4D /* FirstViewController.swift in Sources */ = {isa = PBXBuildFile; fileRef = 148051141EDED437006BFC4D /* FirstViewController.swift */; };
		148051171EDED437006BFC4D /* SecondViewController.swift in Sources */ = {isa = PBXBuildFile; fileRef = 148051161EDED437006BFC4D /* SecondViewController.swift */; };
		1480511A1EDED437006BFC4D /* Main.storyboard in Resources */ = {isa = PBXBuildFile; fileRef = 148051181EDED437006BFC4D /* Main.storyboard */; };
		1480511C1EDED437006BFC4D /* Assets.xcassets in Resources */ = {isa = PBXBuildFile; fileRef = 1480511B1EDED437006BFC4D /* Assets.xcassets */; };
		1480511F1EDED437006BFC4D /* LaunchScreen.storyboard in Resources */ = {isa = PBXBuildFile; fileRef = 1480511D1EDED437006BFC4D /* LaunchScreen.storyboard */; };
		148051271EDED48C006BFC4D /* Podfile in Resources */ = {isa = PBXBuildFile; fileRef = 148051261EDED48C006BFC4D /* Podfile */; };
		148051291EDED72D006BFC4D /* README.md in Sources */ = {isa = PBXBuildFile; fileRef = 148051281EDED72D006BFC4D /* README.md */; };
		1480512C1EDED884006BFC4D /* RealmManager.swift in Sources */ = {isa = PBXBuildFile; fileRef = 1480512B1EDED884006BFC4D /* RealmManager.swift */; };
		148051301EDEDE1A006BFC4D /* UserRequestParameters.swift in Sources */ = {isa = PBXBuildFile; fileRef = 1480512F1EDEDE1A006BFC4D /* UserRequestParameters.swift */; };
		148051321EDEDE42006BFC4D /* Request.swift in Sources */ = {isa = PBXBuildFile; fileRef = 148051311EDEDE42006BFC4D /* Request.swift */; };
		148051341EDEDE6D006BFC4D /* Config.swift in Sources */ = {isa = PBXBuildFile; fileRef = 148051331EDEDE6D006BFC4D /* Config.swift */; };
		148051381EDEDF67006BFC4D /* UserModel.swift in Sources */ = {isa = PBXBuildFile; fileRef = 148051371EDEDF67006BFC4D /* UserModel.swift */; };
		1480513A1EDEDFDD006BFC4D /* PictureModel.swift in Sources */ = {isa = PBXBuildFile; fileRef = 148051391EDEDFDD006BFC4D /* PictureModel.swift */; };
		1480513C1EDEE00C006BFC4D /* NameModel.swift in Sources */ = {isa = PBXBuildFile; fileRef = 1480513B1EDEE00C006BFC4D /* NameModel.swift */; };
		1480513E1EDEE03F006BFC4D /* UsersListModel.swift in Sources */ = {isa = PBXBuildFile; fileRef = 1480513D1EDEE03F006BFC4D /* UsersListModel.swift */; };
		148051401EDEE35D006BFC4D /* RealmUserModel.swift in Sources */ = {isa = PBXBuildFile; fileRef = 1480513F1EDEE35D006BFC4D /* RealmUserModel.swift */; };
		4314867C7E107D6C0A0CEBE8 /* Pods_ProtocolOrientedMVVMWorkshop.framework in Frameworks */ = {isa = PBXBuildFile; fileRef = 039938423079BCC0F6E10FF5 /* Pods_ProtocolOrientedMVVMWorkshop.framework */; };
/* End PBXBuildFile section */

/* Begin PBXFileReference section */
		039938423079BCC0F6E10FF5 /* Pods_ProtocolOrientedMVVMWorkshop.framework */ = {isa = PBXFileReference; explicitFileType = wrapper.framework; includeInIndex = 0; path = Pods_ProtocolOrientedMVVMWorkshop.framework; sourceTree = BUILT_PRODUCTS_DIR; };
		10E1854739393E98C196CF6D /* Pods-ProtocolOrientedMVVMWorkshop.release.xcconfig */ = {isa = PBXFileReference; includeInIndex = 1; lastKnownFileType = text.xcconfig; name = "Pods-ProtocolOrientedMVVMWorkshop.release.xcconfig"; path = "Pods/Target Support Files/Pods-ProtocolOrientedMVVMWorkshop/Pods-ProtocolOrientedMVVMWorkshop.release.xcconfig"; sourceTree = "<group>"; };
		1480510F1EDED437006BFC4D /* ProtocolOrientedMVVMWorkshop.app */ = {isa = PBXFileReference; explicitFileType = wrapper.application; includeInIndex = 0; path = ProtocolOrientedMVVMWorkshop.app; sourceTree = BUILT_PRODUCTS_DIR; };
		148051121EDED437006BFC4D /* AppDelegate.swift */ = {isa = PBXFileReference; lastKnownFileType = sourcecode.swift; path = AppDelegate.swift; sourceTree = "<group>"; };
		148051141EDED437006BFC4D /* FirstViewController.swift */ = {isa = PBXFileReference; lastKnownFileType = sourcecode.swift; path = FirstViewController.swift; sourceTree = "<group>"; };
		148051161EDED437006BFC4D /* SecondViewController.swift */ = {isa = PBXFileReference; lastKnownFileType = sourcecode.swift; path = SecondViewController.swift; sourceTree = "<group>"; };
		148051191EDED437006BFC4D /* Base */ = {isa = PBXFileReference; lastKnownFileType = file.storyboard; name = Base; path = Base.lproj/Main.storyboard; sourceTree = "<group>"; };
		1480511B1EDED437006BFC4D /* Assets.xcassets */ = {isa = PBXFileReference; lastKnownFileType = folder.assetcatalog; path = Assets.xcassets; sourceTree = "<group>"; };
		1480511E1EDED437006BFC4D /* Base */ = {isa = PBXFileReference; lastKnownFileType = file.storyboard; name = Base; path = Base.lproj/LaunchScreen.storyboard; sourceTree = "<group>"; };
		148051201EDED437006BFC4D /* Info.plist */ = {isa = PBXFileReference; lastKnownFileType = text.plist.xml; path = Info.plist; sourceTree = "<group>"; };
		148051261EDED48C006BFC4D /* Podfile */ = {isa = PBXFileReference; fileEncoding = 4; lastKnownFileType = text; path = Podfile; sourceTree = "<group>"; xcLanguageSpecificationIdentifier = xcode.lang.ruby; };
		148051281EDED72D006BFC4D /* README.md */ = {isa = PBXFileReference; fileEncoding = 4; lastKnownFileType = net.daringfireball.markdown; path = README.md; sourceTree = "<group>"; };
		1480512B1EDED884006BFC4D /* RealmManager.swift */ = {isa = PBXFileReference; fileEncoding = 4; lastKnownFileType = sourcecode.swift; name = RealmManager.swift; path = Managers/RealmManager.swift; sourceTree = "<group>"; };
		1480512F1EDEDE1A006BFC4D /* UserRequestParameters.swift */ = {isa = PBXFileReference; fileEncoding = 4; lastKnownFileType = sourcecode.swift; name = UserRequestParameters.swift; path = Models/Parameters/UserRequestParameters.swift; sourceTree = "<group>"; };
		148051311EDEDE42006BFC4D /* Request.swift */ = {isa = PBXFileReference; fileEncoding = 4; lastKnownFileType = sourcecode.swift; name = Request.swift; path = Core/Request.swift; sourceTree = "<group>"; };
		148051331EDEDE6D006BFC4D /* Config.swift */ = {isa = PBXFileReference; fileEncoding = 4; lastKnownFileType = sourcecode.swift; name = Config.swift; path = Core/Config.swift; sourceTree = "<group>"; };
		148051371EDEDF67006BFC4D /* UserModel.swift */ = {isa = PBXFileReference; fileEncoding = 4; lastKnownFileType = sourcecode.swift; name = UserModel.swift; path = Models/DataModels/UserModel.swift; sourceTree = "<group>"; };
		148051391EDEDFDD006BFC4D /* PictureModel.swift */ = {isa = PBXFileReference; fileEncoding = 4; lastKnownFileType = sourcecode.swift; name = PictureModel.swift; path = Models/DataModels/PictureModel.swift; sourceTree = "<group>"; };
		1480513B1EDEE00C006BFC4D /* NameModel.swift */ = {isa = PBXFileReference; fileEncoding = 4; lastKnownFileType = sourcecode.swift; name = NameModel.swift; path = Models/DataModels/NameModel.swift; sourceTree = "<group>"; };
		1480513D1EDEE03F006BFC4D /* UsersListModel.swift */ = {isa = PBXFileReference; fileEncoding = 4; lastKnownFileType = sourcecode.swift; name = UsersListModel.swift; path = Models/DataModels/UsersListModel.swift; sourceTree = "<group>"; };
		1480513F1EDEE35D006BFC4D /* RealmUserModel.swift */ = {isa = PBXFileReference; fileEncoding = 4; lastKnownFileType = sourcecode.swift; name = RealmUserModel.swift; path = Models/DataModels/RealmUserModel.swift; sourceTree = "<group>"; };
		C12FBBFDDC0CC61DC511C48D /* Pods-ProtocolOrientedMVVMWorkshop.debug.xcconfig */ = {isa = PBXFileReference; includeInIndex = 1; lastKnownFileType = text.xcconfig; name = "Pods-ProtocolOrientedMVVMWorkshop.debug.xcconfig"; path = "Pods/Target Support Files/Pods-ProtocolOrientedMVVMWorkshop/Pods-ProtocolOrientedMVVMWorkshop.debug.xcconfig"; sourceTree = "<group>"; };
/* End PBXFileReference section */

/* Begin PBXFrameworksBuildPhase section */
		1480510C1EDED437006BFC4D /* Frameworks */ = {
			isa = PBXFrameworksBuildPhase;
			buildActionMask = 2147483647;
			files = (
				4314867C7E107D6C0A0CEBE8 /* Pods_ProtocolOrientedMVVMWorkshop.framework in Frameworks */,
			);
			runOnlyForDeploymentPostprocessing = 0;
		};
/* End PBXFrameworksBuildPhase section */

/* Begin PBXGroup section */
		148051061EDED437006BFC4D = {
			isa = PBXGroup;
			children = (
				148051281EDED72D006BFC4D /* README.md */,
				148051261EDED48C006BFC4D /* Podfile */,
				148051111EDED437006BFC4D /* ProtocolOrientedMVVMWorkshop */,
				148051101EDED437006BFC4D /* Products */,
				56374E506B34388B3F42E6D6 /* Pods */,
				C0EF0144E2D8EBDFFDF89A9F /* Frameworks */,
			);
			sourceTree = "<group>";
		};
		148051101EDED437006BFC4D /* Products */ = {
			isa = PBXGroup;
			children = (
				1480510F1EDED437006BFC4D /* ProtocolOrientedMVVMWorkshop.app */,
			);
			name = Products;
			sourceTree = "<group>";
		};
		148051111EDED437006BFC4D /* ProtocolOrientedMVVMWorkshop */ = {
			isa = PBXGroup;
			children = (
				1480512E1EDEDDF8006BFC4D /* Models */,
				1480512D1EDEDDE7006BFC4D /* Core */,
				1480512A1EDED868006BFC4D /* Managers */,
				148051121EDED437006BFC4D /* AppDelegate.swift */,
				148051141EDED437006BFC4D /* FirstViewController.swift */,
				148051161EDED437006BFC4D /* SecondViewController.swift */,
				148051181EDED437006BFC4D /* Main.storyboard */,
				1480511B1EDED437006BFC4D /* Assets.xcassets */,
				1480511D1EDED437006BFC4D /* LaunchScreen.storyboard */,
				148051201EDED437006BFC4D /* Info.plist */,
			);
			path = ProtocolOrientedMVVMWorkshop;
			sourceTree = "<group>";
		};
		1480512A1EDED868006BFC4D /* Managers */ = {
			isa = PBXGroup;
			children = (
				1480512B1EDED884006BFC4D /* RealmManager.swift */,
			);
			name = Managers;
			sourceTree = "<group>";
		};
		1480512D1EDEDDE7006BFC4D /* Core */ = {
			isa = PBXGroup;
			children = (
				148051311EDEDE42006BFC4D /* Request.swift */,
				148051331EDEDE6D006BFC4D /* Config.swift */,
			);
			name = Core;
			sourceTree = "<group>";
		};
		1480512E1EDEDDF8006BFC4D /* Models */ = {
			isa = PBXGroup;
			children = (
				148051361EDEDF52006BFC4D /* DataModels */,
				148051351EDEDF4A006BFC4D /* Parameters */,
			);
			name = Models;
			sourceTree = "<group>";
		};
		148051351EDEDF4A006BFC4D /* Parameters */ = {
			isa = PBXGroup;
			children = (
				1480512F1EDEDE1A006BFC4D /* UserRequestParameters.swift */,
			);
			name = Parameters;
			sourceTree = "<group>";
		};
		148051361EDEDF52006BFC4D /* DataModels */ = {
			isa = PBXGroup;
			children = (
				148051371EDEDF67006BFC4D /* UserModel.swift */,
				148051391EDEDFDD006BFC4D /* PictureModel.swift */,
				1480513B1EDEE00C006BFC4D /* NameModel.swift */,
				1480513D1EDEE03F006BFC4D /* UsersListModel.swift */,
				1480513F1EDEE35D006BFC4D /* RealmUserModel.swift */,
			);
			name = DataModels;
			sourceTree = "<group>";
		};
		56374E506B34388B3F42E6D6 /* Pods */ = {
			isa = PBXGroup;
			children = (
				C12FBBFDDC0CC61DC511C48D /* Pods-ProtocolOrientedMVVMWorkshop.debug.xcconfig */,
				10E1854739393E98C196CF6D /* Pods-ProtocolOrientedMVVMWorkshop.release.xcconfig */,
			);
			name = Pods;
			sourceTree = "<group>";
		};
		C0EF0144E2D8EBDFFDF89A9F /* Frameworks */ = {
			isa = PBXGroup;
			children = (
				039938423079BCC0F6E10FF5 /* Pods_ProtocolOrientedMVVMWorkshop.framework */,
			);
			name = Frameworks;
			sourceTree = "<group>";
		};
/* End PBXGroup section */

/* Begin PBXNativeTarget section */
		1480510E1EDED437006BFC4D /* ProtocolOrientedMVVMWorkshop */ = {
			isa = PBXNativeTarget;
			buildConfigurationList = 148051231EDED437006BFC4D /* Build configuration list for PBXNativeTarget "ProtocolOrientedMVVMWorkshop" */;
			buildPhases = (
				B5CBDF14FD98A96220B249A9 /* [CP] Check Pods Manifest.lock */,
				1480510B1EDED437006BFC4D /* Sources */,
				1480510C1EDED437006BFC4D /* Frameworks */,
				1480510D1EDED437006BFC4D /* Resources */,
				8BCFF6AF1143C7089DDBEA0D /* [CP] Embed Pods Frameworks */,
				82DAEAEB9EE325C6D768CC41 /* [CP] Copy Pods Resources */,
			);
			buildRules = (
			);
			dependencies = (
			);
			name = ProtocolOrientedMVVMWorkshop;
			productName = ProtocolOrientedMVVMWorkshop;
			productReference = 1480510F1EDED437006BFC4D /* ProtocolOrientedMVVMWorkshop.app */;
			productType = "com.apple.product-type.application";
		};
/* End PBXNativeTarget section */

/* Begin PBXProject section */
		148051071EDED437006BFC4D /* Project object */ = {
			isa = PBXProject;
			attributes = {
				LastSwiftUpdateCheck = 0830;
				LastUpgradeCheck = 0830;
				ORGANIZATIONNAME = RingierAxelSpringer;
				TargetAttributes = {
					1480510E1EDED437006BFC4D = {
						CreatedOnToolsVersion = 8.3.2;
						DevelopmentTeam = MBG2SUJ3MC;
						ProvisioningStyle = Automatic;
					};
				};
			};
			buildConfigurationList = 1480510A1EDED437006BFC4D /* Build configuration list for PBXProject "ProtocolOrientedMVVMWorkshop" */;
			compatibilityVersion = "Xcode 3.2";
			developmentRegion = English;
			hasScannedForEncodings = 0;
			knownRegions = (
				en,
				Base,
			);
			mainGroup = 148051061EDED437006BFC4D;
			productRefGroup = 148051101EDED437006BFC4D /* Products */;
			projectDirPath = "";
			projectRoot = "";
			targets = (
				1480510E1EDED437006BFC4D /* ProtocolOrientedMVVMWorkshop */,
			);
		};
/* End PBXProject section */

/* Begin PBXResourcesBuildPhase section */
		1480510D1EDED437006BFC4D /* Resources */ = {
			isa = PBXResourcesBuildPhase;
			buildActionMask = 2147483647;
			files = (
				1480511F1EDED437006BFC4D /* LaunchScreen.storyboard in Resources */,
				1480511C1EDED437006BFC4D /* Assets.xcassets in Resources */,
				148051271EDED48C006BFC4D /* Podfile in Resources */,
				1480511A1EDED437006BFC4D /* Main.storyboard in Resources */,
			);
			runOnlyForDeploymentPostprocessing = 0;
		};
/* End PBXResourcesBuildPhase section */

/* Begin PBXShellScriptBuildPhase section */
		82DAEAEB9EE325C6D768CC41 /* [CP] Copy Pods Resources */ = {
			isa = PBXShellScriptBuildPhase;
			buildActionMask = 2147483647;
			files = (
			);
			inputPaths = (
			);
			name = "[CP] Copy Pods Resources";
			outputPaths = (
			);
			runOnlyForDeploymentPostprocessing = 0;
			shellPath = /bin/sh;
			shellScript = "\"${SRCROOT}/Pods/Target Support Files/Pods-ProtocolOrientedMVVMWorkshop/Pods-ProtocolOrientedMVVMWorkshop-resources.sh\"\n";
			showEnvVarsInLog = 0;
		};
		8BCFF6AF1143C7089DDBEA0D /* [CP] Embed Pods Frameworks */ = {
			isa = PBXShellScriptBuildPhase;
			buildActionMask = 2147483647;
			files = (
			);
			inputPaths = (
			);
			name = "[CP] Embed Pods Frameworks";
			outputPaths = (
			);
			runOnlyForDeploymentPostprocessing = 0;
			shellPath = /bin/sh;
			shellScript = "\"${SRCROOT}/Pods/Target Support Files/Pods-ProtocolOrientedMVVMWorkshop/Pods-ProtocolOrientedMVVMWorkshop-frameworks.sh\"\n";
			showEnvVarsInLog = 0;
		};
		B5CBDF14FD98A96220B249A9 /* [CP] Check Pods Manifest.lock */ = {
			isa = PBXShellScriptBuildPhase;
			buildActionMask = 2147483647;
			files = (
			);
			inputPaths = (
			);
			name = "[CP] Check Pods Manifest.lock";
			outputPaths = (
			);
			runOnlyForDeploymentPostprocessing = 0;
			shellPath = /bin/sh;
			shellScript = "diff \"${PODS_ROOT}/../Podfile.lock\" \"${PODS_ROOT}/Manifest.lock\" > /dev/null\nif [ $? != 0 ] ; then\n    # print error to STDERR\n    echo \"error: The sandbox is not in sync with the Podfile.lock. Run 'pod install' or update your CocoaPods installation.\" >&2\n    exit 1\nfi\n";
			showEnvVarsInLog = 0;
		};
/* End PBXShellScriptBuildPhase section */

/* Begin PBXSourcesBuildPhase section */
		1480510B1EDED437006BFC4D /* Sources */ = {
			isa = PBXSourcesBuildPhase;
			buildActionMask = 2147483647;
			files = (
				148051401EDEE35D006BFC4D /* RealmUserModel.swift in Sources */,
				1480513C1EDEE00C006BFC4D /* NameModel.swift in Sources */,
				148051171EDED437006BFC4D /* SecondViewController.swift in Sources */,
				148051131EDED437006BFC4D /* AppDelegate.swift in Sources */,
				1480512C1EDED884006BFC4D /* RealmManager.swift in Sources */,
				148051291EDED72D006BFC4D /* README.md in Sources */,
				148051321EDEDE42006BFC4D /* Request.swift in Sources */,
				148051341EDEDE6D006BFC4D /* Config.swift in Sources */,
				148051301EDEDE1A006BFC4D /* UserRequestParameters.swift in Sources */,
				148051381EDEDF67006BFC4D /* UserModel.swift in Sources */,
				1480513A1EDEDFDD006BFC4D /* PictureModel.swift in Sources */,
				1480513E1EDEE03F006BFC4D /* UsersListModel.swift in Sources */,
				148051151EDED437006BFC4D /* FirstViewController.swift in Sources */,
			);
			runOnlyForDeploymentPostprocessing = 0;
		};
/* End PBXSourcesBuildPhase section */

/* Begin PBXVariantGroup section */
		148051181EDED437006BFC4D /* Main.storyboard */ = {
			isa = PBXVariantGroup;
			children = (
				148051191EDED437006BFC4D /* Base */,
			);
			name = Main.storyboard;
			sourceTree = "<group>";
		};
		1480511D1EDED437006BFC4D /* LaunchScreen.storyboard */ = {
			isa = PBXVariantGroup;
			children = (
				1480511E1EDED437006BFC4D /* Base */,
			);
			name = LaunchScreen.storyboard;
			sourceTree = "<group>";
		};
/* End PBXVariantGroup section */

/* Begin XCBuildConfiguration section */
		148051211EDED437006BFC4D /* Debug */ = {
			isa = XCBuildConfiguration;
			buildSettings = {
				ALWAYS_SEARCH_USER_PATHS = NO;
				CLANG_ANALYZER_NONNULL = YES;
				CLANG_ANALYZER_NUMBER_OBJECT_CONVERSION = YES_AGGRESSIVE;
				CLANG_CXX_LANGUAGE_STANDARD = "gnu++0x";
				CLANG_CXX_LIBRARY = "libc++";
				CLANG_ENABLE_MODULES = YES;
				CLANG_ENABLE_OBJC_ARC = YES;
				CLANG_WARN_BOOL_CONVERSION = YES;
				CLANG_WARN_CONSTANT_CONVERSION = YES;
				CLANG_WARN_DIRECT_OBJC_ISA_USAGE = YES_ERROR;
				CLANG_WARN_DOCUMENTATION_COMMENTS = YES;
				CLANG_WARN_EMPTY_BODY = YES;
				CLANG_WARN_ENUM_CONVERSION = YES;
				CLANG_WARN_INFINITE_RECURSION = YES;
				CLANG_WARN_INT_CONVERSION = YES;
				CLANG_WARN_OBJC_ROOT_CLASS = YES_ERROR;
				CLANG_WARN_SUSPICIOUS_MOVE = YES;
				CLANG_WARN_UNREACHABLE_CODE = YES;
				CLANG_WARN__DUPLICATE_METHOD_MATCH = YES;
				"CODE_SIGN_IDENTITY[sdk=iphoneos*]" = "iPhone Developer";
				COPY_PHASE_STRIP = NO;
				DEBUG_INFORMATION_FORMAT = dwarf;
				ENABLE_STRICT_OBJC_MSGSEND = YES;
				ENABLE_TESTABILITY = YES;
				GCC_C_LANGUAGE_STANDARD = gnu99;
				GCC_DYNAMIC_NO_PIC = NO;
				GCC_NO_COMMON_BLOCKS = YES;
				GCC_OPTIMIZATION_LEVEL = 0;
				GCC_PREPROCESSOR_DEFINITIONS = (
					"DEBUG=1",
					"$(inherited)",
				);
				GCC_WARN_64_TO_32_BIT_CONVERSION = YES;
				GCC_WARN_ABOUT_RETURN_TYPE = YES_ERROR;
				GCC_WARN_UNDECLARED_SELECTOR = YES;
				GCC_WARN_UNINITIALIZED_AUTOS = YES_AGGRESSIVE;
				GCC_WARN_UNUSED_FUNCTION = YES;
				GCC_WARN_UNUSED_VARIABLE = YES;
				IPHONEOS_DEPLOYMENT_TARGET = 10.3;
				MTL_ENABLE_DEBUG_INFO = YES;
				ONLY_ACTIVE_ARCH = YES;
				SDKROOT = iphoneos;
				SWIFT_ACTIVE_COMPILATION_CONDITIONS = DEBUG;
				SWIFT_OPTIMIZATION_LEVEL = "-Onone";
				TARGETED_DEVICE_FAMILY = "1,2";
			};
			name = Debug;
		};
		148051221EDED437006BFC4D /* Release */ = {
			isa = XCBuildConfiguration;
			buildSettings = {
				ALWAYS_SEARCH_USER_PATHS = NO;
				CLANG_ANALYZER_NONNULL = YES;
				CLANG_ANALYZER_NUMBER_OBJECT_CONVERSION = YES_AGGRESSIVE;
				CLANG_CXX_LANGUAGE_STANDARD = "gnu++0x";
				CLANG_CXX_LIBRARY = "libc++";
				CLANG_ENABLE_MODULES = YES;
				CLANG_ENABLE_OBJC_ARC = YES;
				CLANG_WARN_BOOL_CONVERSION = YES;
				CLANG_WARN_CONSTANT_CONVERSION = YES;
				CLANG_WARN_DIRECT_OBJC_ISA_USAGE = YES_ERROR;
				CLANG_WARN_DOCUMENTATION_COMMENTS = YES;
				CLANG_WARN_EMPTY_BODY = YES;
				CLANG_WARN_ENUM_CONVERSION = YES;
				CLANG_WARN_INFINITE_RECURSION = YES;
				CLANG_WARN_INT_CONVERSION = YES;
				CLANG_WARN_OBJC_ROOT_CLASS = YES_ERROR;
				CLANG_WARN_SUSPICIOUS_MOVE = YES;
				CLANG_WARN_UNREACHABLE_CODE = YES;
				CLANG_WARN__DUPLICATE_METHOD_MATCH = YES;
				"CODE_SIGN_IDENTITY[sdk=iphoneos*]" = "iPhone Developer";
				COPY_PHASE_STRIP = NO;
				DEBUG_INFORMATION_FORMAT = "dwarf-with-dsym";
				ENABLE_NS_ASSERTIONS = NO;
				ENABLE_STRICT_OBJC_MSGSEND = YES;
				GCC_C_LANGUAGE_STANDARD = gnu99;
				GCC_NO_COMMON_BLOCKS = YES;
				GCC_WARN_64_TO_32_BIT_CONVERSION = YES;
				GCC_WARN_ABOUT_RETURN_TYPE = YES_ERROR;
				GCC_WARN_UNDECLARED_SELECTOR = YES;
				GCC_WARN_UNINITIALIZED_AUTOS = YES_AGGRESSIVE;
				GCC_WARN_UNUSED_FUNCTION = YES;
				GCC_WARN_UNUSED_VARIABLE = YES;
				IPHONEOS_DEPLOYMENT_TARGET = 10.3;
				MTL_ENABLE_DEBUG_INFO = NO;
				SDKROOT = iphoneos;
				SWIFT_OPTIMIZATION_LEVEL = "-Owholemodule";
				TARGETED_DEVICE_FAMILY = "1,2";
				VALIDATE_PRODUCT = YES;
			};
			name = Release;
		};
		148051241EDED437006BFC4D /* Debug */ = {
			isa = XCBuildConfiguration;
			baseConfigurationReference = C12FBBFDDC0CC61DC511C48D /* Pods-ProtocolOrientedMVVMWorkshop.debug.xcconfig */;
			buildSettings = {
				ASSETCATALOG_COMPILER_APPICON_NAME = AppIcon;
				DEVELOPMENT_TEAM = MBG2SUJ3MC;
				ENABLE_BITCODE = NO;
				INFOPLIST_FILE = ProtocolOrientedMVVMWorkshop/Info.plist;
				LD_RUNPATH_SEARCH_PATHS = "$(inherited) @executable_path/Frameworks";
				PRODUCT_BUNDLE_IDENTIFIER = RingierAxelSpringer.ProtocolOrientedMVVMWorkshop;
				PRODUCT_NAME = "$(TARGET_NAME)";
				SWIFT_VERSION = 3.0;
			};
			name = Debug;
		};
		148051251EDED437006BFC4D /* Release */ = {
			isa = XCBuildConfiguration;
			baseConfigurationReference = 10E1854739393E98C196CF6D /* Pods-ProtocolOrientedMVVMWorkshop.release.xcconfig */;
			buildSettings = {
				ASSETCATALOG_COMPILER_APPICON_NAME = AppIcon;
				DEVELOPMENT_TEAM = MBG2SUJ3MC;
				ENABLE_BITCODE = NO;
				INFOPLIST_FILE = ProtocolOrientedMVVMWorkshop/Info.plist;
				LD_RUNPATH_SEARCH_PATHS = "$(inherited) @executable_path/Frameworks";
				PRODUCT_BUNDLE_IDENTIFIER = RingierAxelSpringer.ProtocolOrientedMVVMWorkshop;
				PRODUCT_NAME = "$(TARGET_NAME)";
				SWIFT_VERSION = 3.0;
			};
			name = Release;
		};
/* End XCBuildConfiguration section */

/* Begin XCConfigurationList section */
		1480510A1EDED437006BFC4D /* Build configuration list for PBXProject "ProtocolOrientedMVVMWorkshop" */ = {
			isa = XCConfigurationList;
			buildConfigurations = (
				148051211EDED437006BFC4D /* Debug */,
				148051221EDED437006BFC4D /* Release */,
			);
			defaultConfigurationIsVisible = 0;
			defaultConfigurationName = Release;
		};
		148051231EDED437006BFC4D /* Build configuration list for PBXNativeTarget "ProtocolOrientedMVVMWorkshop" */ = {
			isa = XCConfigurationList;
			buildConfigurations = (
				148051241EDED437006BFC4D /* Debug */,
				148051251EDED437006BFC4D /* Release */,
			);
			defaultConfigurationIsVisible = 0;
			defaultConfigurationName = Release;
		};
/* End XCConfigurationList section */
	};
	rootObject = 148051071EDED437006BFC4D /* Project object */;
}
